
Microsoft Visual Studio Solution File, Format Version 12.00
# Visual Studio 14
VisualStudioVersion = 14.0.25420.1
MinimumVisualStudioVersion = 10.0.40219.1
Project("{FAE04EC0-301F-11D3-BF4B-00C04F79EFBC}") = "UniversityIot.VitocontrolApi", "Source\UniversityIot.VitocontrolApi\UniversityIot.VitocontrolApi.csproj", "{12AB502B-F966-46FD-968B-2F8173D07A5E}"
EndProject
Project("{2150E333-8FDC-42A3-9474-1A3956D46DE8}") = "Tests", "Tests", "{9DAFE893-49CB-4C9D-9C16-AB46E7746504}"
EndProject
Project("{FAE04EC0-301F-11D3-BF4B-00C04F79EFBC}") = "UniversityIot.VitocontrolApi.Tests", "Source\UniversityIot.VitocontrolApi.Tests\UniversityIot.VitocontrolApi.Tests.csproj", "{6FDFDAF0-E8A8-45CE-8E07-D16657106144}"
EndProject
Global
	GlobalSection(SolutionConfigurationPlatforms) = preSolution
		Debug|Any CPU = Debug|Any CPU
		Production|Any CPU = Production|Any CPU
		Release|Any CPU = Release|Any CPU
		Staging|Any CPU = Staging|Any CPU
	EndGlobalSection
	GlobalSection(ProjectConfigurationPlatforms) = postSolution
		{12AB502B-F966-46FD-968B-2F8173D07A5E}.Debug|Any CPU.ActiveCfg = Debug|Any CPU
		{12AB502B-F966-46FD-968B-2F8173D07A5E}.Debug|Any CPU.Build.0 = Debug|Any CPU
		{12AB502B-F966-46FD-968B-2F8173D07A5E}.Production|Any CPU.ActiveCfg = Production|Any CPU
		{12AB502B-F966-46FD-968B-2F8173D07A5E}.Production|Any CPU.Build.0 = Production|Any CPU
		{12AB502B-F966-46FD-968B-2F8173D07A5E}.Release|Any CPU.ActiveCfg = Production|Any CPU
		{12AB502B-F966-46FD-968B-2F8173D07A5E}.Release|Any CPU.Build.0 = Production|Any CPU
		{12AB502B-F966-46FD-968B-2F8173D07A5E}.Staging|Any CPU.ActiveCfg = Debug|Any CPU
		{12AB502B-F966-46FD-968B-2F8173D07A5E}.Staging|Any CPU.Build.0 = Debug|Any CPU
		{6FDFDAF0-E8A8-45CE-8E07-D16657106144}.Debug|Any CPU.ActiveCfg = Debug|Any CPU
		{6FDFDAF0-E8A8-45CE-8E07-D16657106144}.Debug|Any CPU.Build.0 = Debug|Any CPU
		{6FDFDAF0-E8A8-45CE-8E07-D16657106144}.Production|Any CPU.ActiveCfg = Production|Any CPU
		{6FDFDAF0-E8A8-45CE-8E07-D16657106144}.Production|Any CPU.Build.0 = Production|Any CPU
		{6FDFDAF0-E8A8-45CE-8E07-D16657106144}.Release|Any CPU.ActiveCfg = Production|Any CPU
		{6FDFDAF0-E8A8-45CE-8E07-D16657106144}.Release|Any CPU.Build.0 = Production|Any CPU
		{6FDFDAF0-E8A8-45CE-8E07-D16657106144}.Staging|Any CPU.ActiveCfg = Staging|Any CPU
		{6FDFDAF0-E8A8-45CE-8E07-D16657106144}.Staging|Any CPU.Build.0 = Staging|Any CPU
	EndGlobalSection
	GlobalSection(SolutionProperties) = preSolution
		HideSolutionNode = FALSE
	EndGlobalSection
	GlobalSection(NestedProjects) = preSolution
		{6FDFDAF0-E8A8-45CE-8E07-D16657106144} = {9DAFE893-49CB-4C9D-9C16-AB46E7746504}
	EndGlobalSection
EndGlobal
